{
  "requires": true,
  "lockfileVersion": 1,
  "dependencies": {
    "@fullcalendar/common": {
      "version": "5.8.0",
      "resolved": "https://registry.npmjs.org/@fullcalendar/common/-/common-5.8.0.tgz",
      "integrity": "sha512-cKmXNgo/9auw86MOwXxA+5FRrgvbE93C9YDwic+Alfm3bUruDTzJDnuvRndrFVurpSBLm6/ZitaR+yoWKLIsgA==",
      "requires": {
        "tslib": "^2.1.0"
      }
    },
    "@fullcalendar/daygrid": {
      "version": "5.8.0",
      "resolved": "https://registry.npmjs.org/@fullcalendar/daygrid/-/daygrid-5.8.0.tgz",
      "integrity": "sha512-VrqwI97cewoUjFrKT67sS+f+JANI8xMx0g5bpM0XgV/KEEwvXpH5OmwkFSbXOnx1m4RXsvolQc6EBZpnJCf69Q==",
      "requires": {
        "@fullcalendar/common": "~5.8.0",
        "tslib": "^2.1.0"
      }
    },
    "@fullcalendar/list": {
      "version": "5.8.0",
      "resolved": "https://registry.npmjs.org/@fullcalendar/list/-/list-5.8.0.tgz",
      "integrity": "sha512-JlqXbWq8Gl2BMx1mOAeEWakW43xDYypBBjwKztnax5tOB5Sfty8chVmeG7ffz2NFtvg2c1nj6MP/zGrVCYY0RA==",
      "requires": {
        "@fullcalendar/common": "~5.8.0",
        "tslib": "^2.1.0"
      }
    },
    "@fullcalendar/timegrid": {
      "version": "5.8.0",
      "resolved": "https://registry.npmjs.org/@fullcalendar/timegrid/-/timegrid-5.8.0.tgz",
      "integrity": "sha512-N24TkOuRkxMDn02E8LPj4fKKgAxQxF6k/PONIwMVHnOih2v3SeiKOOemmrk6uoTwOS7R2fVblOJQGFWXobYu3g==",
      "requires": {
        "@fullcalendar/common": "~5.8.0",
        "@fullcalendar/daygrid": "~5.8.0",
        "tslib": "^2.1.0"
      }
    },
    "tslib": {
      "version": "2.3.0",
      "resolved": "https://registry.npmjs.org/tslib/-/tslib-2.3.0.tgz",
      "integrity": "sha512-N82ooyxVNm6h1riLCoyS9e3fuJ3AMG2zIZs2Gd1ATcSFjSA23Q0fzjjZeh0jbJvWVDZ0cJT8yaNNaaXHzueNjg=="
    }
  }
}
